<?xml version="1.0" encoding="utf-8"?>
<Project ToolsVersion="4.0" xmlns="http://schemas.microsoft.com/developer/msbuild/2003">
  <ItemGroup>
    <Filter Include="Source Files">
      <UniqueIdentifier>{4FC737F1-C7A5-4376-A066-2A32D752A2FF}</UniqueIdentifier>
      <Extensions>cpp;c;cc;cxx;c++;def;odl;idl;hpj;bat;asm;asmx</Extensions>
    </Filter>
    <Filter Include="Header Files">
      <UniqueIdentifier>{93995380-89BD-4b04-88EB-625FBE52EBFB}</UniqueIdentifier>
      <Extensions>h;hh;hpp;hxx;h++;hm;inl;inc;ipp;xsd</Extensions>
    </Filter>
    <Filter Include="Resource Files">
      <UniqueIdentifier>{67DA6AB6-F800-4c08-8B7A-83BB121AAD01}</UniqueIdentifier>
      <Extensions>rc;ico;cur;bmp;dlg;rc2;rct;bin;rgs;gif;jpg;jpeg;jpe;resx;tiff;tif;png;wav;mfcribbon-ms</Extensions>
    </Filter>
  </ItemGroup>
  <ItemGroup>
    <ClCompile Include="main.cpp">
      <Filter>Source Files</Filter>
    </ClCompile>
  </ItemGroup>
  <ItemGroup>
    <ClInclude Include="stream.h">
      <Filter>Header Files</Filter>
    </ClInclude>
    <ClInclude Include="parser\core\digit_parser.h">
      <Filter>Header Files</Filter>
    </ClInclude>
    <ClInclude Include="parser\result.h">
      <Filter>Header Files</Filter>
    </ClInclude>
    <ClInclude Include="parser\core\integer_parser.h">
      <Filter>Header Files</Filter>
    </ClInclude>
    <ClInclude Include="parser\core\binary_parser.h">
      <Filter>Header Files</Filter>
    </ClInclude>
    <ClInclude Include="parser\scope_parser.h">
      <Filter>Header Files</Filter>
    </ClInclude>
    <ClInclude Include="parser\core\string_parser.h">
      <Filter>Header Files</Filter>
    </ClInclude>
    <ClInclude Include="parser\core\random_character_parser.h">
      <Filter>Header Files</Filter>
    </ClInclude>
    <ClInclude Include="parser\core\symbol_parser.h">
      <Filter>Header Files</Filter>
    </ClInclude>
    <ClInclude Include="parser\core\map_parser.h">
      <Filter>Header Files</Filter>
    </ClInclude>
    <ClInclude Include="parser\core\space_parser.h">
      <Filter>Header Files</Filter>
    </ClInclude>
    <ClInclude Include="parser\arithmetic_operator_parser.h">
      <Filter>Header Files</Filter>
    </ClInclude>
    <ClInclude Include="parser\binary_expression_parser.h">
      <Filter>Header Files</Filter>
    </ClInclude>
    <ClInclude Include="parser\core\failing_parser.h">
      <Filter>Header Files</Filter>
    </ClInclude>
    <ClInclude Include="parser\tree_parser.h">
      <Filter>Header Files</Filter>
    </ClInclude>
    <ClInclude Include="file_stream.h">
      <Filter>Header Files</Filter>
    </ClInclude>
    <ClInclude Include="backend\register.h">
      <Filter>Header Files</Filter>
    </ClInclude>
    <ClInclude Include="backend\instruction.h">
      <Filter>Header Files</Filter>
    </ClInclude>
    <ClInclude Include="backend\pipeline.h">
      <Filter>Header Files</Filter>
    </ClInclude>
    <ClInclude Include="backend\stage.h">
      <Filter>Header Files</Filter>
    </ClInclude>
    <ClInclude Include="backend\instruction_set_architecture.h">
      <Filter>Header Files</Filter>
    </ClInclude>
    <ClInclude Include="ast\abstract_syntax_tree.h">
      <Filter>Header Files</Filter>
    </ClInclude>
    <ClInclude Include="parser\core\boolean_parser.h">
      <Filter>Header Files</Filter>
    </ClInclude>
    <ClInclude Include="parser\boolean_operator_parser.h">
      <Filter>Header Files</Filter>
    </ClInclude>
    <ClInclude Include="parser\type_parser.h">
      <Filter>Header Files</Filter>
    </ClInclude>
    <ClInclude Include="ast\operator.h">
      <Filter>Header Files</Filter>
    </ClInclude>
    <ClInclude Include="parser\core\character_parser.h">
      <Filter>Header Files</Filter>
    </ClInclude>
    <ClInclude Include="parser\core\base_parser.h">
      <Filter>Header Files</Filter>
    </ClInclude>
    <ClInclude Include="parser\core\one_of_parser.h">
      <Filter>Header Files</Filter>
    </ClInclude>
    <ClInclude Include="parser\core\optional_parser.h">
      <Filter>Header Files</Filter>
    </ClInclude>
    <ClInclude Include="parser\core\or_parser.h">
      <Filter>Header Files</Filter>
    </ClInclude>
    <ClInclude Include="parser\core\chain_parser.h">
      <Filter>Header Files</Filter>
    </ClInclude>
    <ClInclude Include="parser\core\parser.h">
      <Filter>Header Files</Filter>
    </ClInclude>
    <ClInclude Include="parser\core\repeating_parser.h">
      <Filter>Header Files</Filter>
    </ClInclude>
    <ClInclude Include="parser\core\iterating_parser.h">
      <Filter>Header Files</Filter>
    </ClInclude>
    <ClInclude Include="parser\parser.h">
      <Filter>Header Files</Filter>
    </ClInclude>
    <ClInclude Include="parser\core\alphanumeric_parser.h">
      <Filter>Header Files</Filter>
    </ClInclude>
    <ClInclude Include="parser\term_parser.h">
      <Filter>Header Files</Filter>
    </ClInclude>
    <ClInclude Include="ast\scope.h">
      <Filter>Header Files</Filter>
    </ClInclude>
    <ClInclude Include="parser\expression_parser.h">
      <Filter>Header Files</Filter>
    </ClInclude>
    <ClInclude Include="parser\fix.h">
      <Filter>Header Files</Filter>
    </ClInclude>
    <ClInclude Include="parser\function_declaration_parser.h">
      <Filter>Header Files</Filter>
    </ClInclude>
    <ClInclude Include="parser\variable_declaration_parser.h">
      <Filter>Header Files</Filter>
    </ClInclude>
    <ClInclude Include="parser\variable_parser.h">
      <Filter>Header Files</Filter>
    </ClInclude>
    <ClInclude Include="ast\variable.h">
      <Filter>Header Files</Filter>
    </ClInclude>
    <ClInclude Include="ast\function.h">
      <Filter>Header Files</Filter>
    </ClInclude>
    <ClInclude Include="types\product_type.h">
      <Filter>Header Files</Filter>
    </ClInclude>
    <ClInclude Include="types\type_equivalence.h">
      <Filter>Header Files</Filter>
    </ClInclude>
    <ClInclude Include="ast\type_checker.h">
      <Filter>Header Files</Filter>
    </ClInclude>
    <ClInclude Include="parser\matcher\rule.h">
      <Filter>Header Files</Filter>
    </ClInclude>
    <ClInclude Include="parser\mapper\mapper.h">
      <Filter>Header Files</Filter>
    </ClInclude>
    <ClInclude Include="parser\mapper\character_mapper.h">
      <Filter>Header Files</Filter>
    </ClInclude>
    <ClInclude Include="parser\mapper\digit_mapper.h">
      <Filter>Header Files</Filter>
    </ClInclude>
    <ClInclude Include="parser\mapper\vector_mapper.h">
      <Filter>Header Files</Filter>
    </ClInclude>
    <ClInclude Include="parser\mapper\variable_mapper.h">
      <Filter>Header Files</Filter>
    </ClInclude>
    <ClInclude Include="parser\core\many_parser.h">
      <Filter>Header Files</Filter>
    </ClInclude>
    <ClInclude Include="backend\assembler\assembler.h">
      <Filter>Header Files</Filter>
    </ClInclude>
    <ClInclude Include="backend\assembler\instruction_assembler.h">
      <Filter>Header Files</Filter>
    </ClInclude>
    <ClInclude Include="backend\assembler\bss_section.h">
      <Filter>Header Files</Filter>
    </ClInclude>
    <ClInclude Include="backend\assembler\code_section.h">
      <Filter>Header Files</Filter>
    </ClInclude>
    <ClInclude Include="backend\instructions\mov_instruction.h">
      <Filter>Header Files</Filter>
    </ClInclude>
    <ClInclude Include="backend\label.h">
      <Filter>Header Files</Filter>
    </ClInclude>
    <ClInclude Include="intermediate_representation\memory.h">
      <Filter>Header Files</Filter>
    </ClInclude>
    <ClInclude Include="intermediate_representation\memory_location.h">
      <Filter>Header Files</Filter>
    </ClInclude>
    <ClInclude Include="intermediate_representation\type_system\size_type.h">
      <Filter>Header Files</Filter>
    </ClInclude>
    <ClInclude Include="intermediate_representation\allocator\allocator.h">
      <Filter>Header Files</Filter>
    </ClInclude>
    <ClInclude Include="intermediate_representation\stack_frame.h">
      <Filter>Header Files</Filter>
    </ClInclude>
    <ClInclude Include="llama\llama_language.h">
      <Filter>Header Files</Filter>
    </ClInclude>
    <ClInclude Include="parser\block_parser.h">
      <Filter>Header Files</Filter>
    </ClInclude>
    <ClInclude Include="parser\variable_assignment_parser.h">
      <Filter>Header Files</Filter>
    </ClInclude>
    <ClInclude Include="parser\core\seperated_parser.h">
      <Filter>Header Files</Filter>
    </ClInclude>
    <ClInclude Include="parser\if_then_else_parser.h">
      <Filter>Header Files</Filter>
    </ClInclude>
    <ClInclude Include="parser\type_definition_parser.h">
      <Filter>Header Files</Filter>
    </ClInclude>
    <ClInclude Include="ast\expression.h">
      <Filter>Header Files</Filter>
    </ClInclude>
    <ClInclude Include="parser\nested_parser_optimizer.h">
      <Filter>Header Files</Filter>
    </ClInclude>
  </ItemGroup>
</Project>