<?xml version="1.0" encoding="utf-8"?>
<Project ToolsVersion="4.0" xmlns="http://schemas.microsoft.com/developer/msbuild/2003">
  <ItemGroup>
    <Filter Include="Source Files">
      <UniqueIdentifier>{4FC737F1-C7A5-4376-A066-2A32D752A2FF}</UniqueIdentifier>
      <Extensions>cpp;c;cc;cxx;c++;def;odl;idl;hpj;bat;asm;asmx</Extensions>
    </Filter>
    <Filter Include="Header Files">
      <UniqueIdentifier>{93995380-89BD-4b04-88EB-625FBE52EBFB}</UniqueIdentifier>
      <Extensions>h;hh;hpp;hxx;h++;hm;inl;inc;ipp;xsd</Extensions>
    </Filter>
    <Filter Include="Resource Files">
      <UniqueIdentifier>{67DA6AB6-F800-4c08-8B7A-83BB121AAD01}</UniqueIdentifier>
      <Extensions>rc;ico;cur;bmp;dlg;rc2;rct;bin;rgs;gif;jpg;jpeg;jpe;resx;tiff;tif;png;wav;mfcribbon-ms</Extensions>
    </Filter>
  </ItemGroup>
  <ItemGroup>
    <ClCompile Include="main.cpp">
      <Filter>Source Files</Filter>
    </ClCompile>
  </ItemGroup>
  <ItemGroup>
    <ClInclude Include="stream.h">
      <Filter>Header Files</Filter>
    </ClInclude>
    <ClInclude Include="parser\digit_parser.h">
      <Filter>Header Files</Filter>
    </ClInclude>
    <ClInclude Include="parser\result.h">
      <Filter>Header Files</Filter>
    </ClInclude>
    <ClInclude Include="parser\character_parser.h">
      <Filter>Header Files</Filter>
    </ClInclude>
    <ClInclude Include="parser\repeating_parser.h">
      <Filter>Header Files</Filter>
    </ClInclude>
    <ClInclude Include="parser\integer_parser.h">
      <Filter>Header Files</Filter>
    </ClInclude>
    <ClInclude Include="parser\binary_parser.h">
      <Filter>Header Files</Filter>
    </ClInclude>
    <ClInclude Include="parser\chain_parser.h">
      <Filter>Header Files</Filter>
    </ClInclude>
    <ClInclude Include="parser\scope_parser.h">
      <Filter>Header Files</Filter>
    </ClInclude>
    <ClInclude Include="parser\string_parser.h">
      <Filter>Header Files</Filter>
    </ClInclude>
    <ClInclude Include="parser\or_parser.h">
      <Filter>Header Files</Filter>
    </ClInclude>
    <ClInclude Include="parser\random_character_parser.h">
      <Filter>Header Files</Filter>
    </ClInclude>
    <ClInclude Include="parser\symbol_parser.h">
      <Filter>Header Files</Filter>
    </ClInclude>
    <ClInclude Include="parser\base_parser.h">
      <Filter>Header Files</Filter>
    </ClInclude>
    <ClInclude Include="parser\parser.h">
      <Filter>Header Files</Filter>
    </ClInclude>
    <ClInclude Include="parser\map_parser.h">
      <Filter>Header Files</Filter>
    </ClInclude>
    <ClInclude Include="parser\space_parser.h">
      <Filter>Header Files</Filter>
    </ClInclude>
    <ClInclude Include="parser\arithmetic_operator_parser.h">
      <Filter>Header Files</Filter>
    </ClInclude>
    <ClInclude Include="parser\one_of_parser.h">
      <Filter>Header Files</Filter>
    </ClInclude>
    <ClInclude Include="types\operator.h">
      <Filter>Header Files</Filter>
    </ClInclude>
    <ClInclude Include="parser\optional_parser.h">
      <Filter>Header Files</Filter>
    </ClInclude>
    <ClInclude Include="parser\binary_expression_parser.h">
      <Filter>Header Files</Filter>
    </ClInclude>
    <ClInclude Include="parser\failing_parser.h">
      <Filter>Header Files</Filter>
    </ClInclude>
    <ClInclude Include="parser\iterating_parser.h">
      <Filter>Header Files</Filter>
    </ClInclude>
    <ClInclude Include="parser\expression_parser.h">
      <Filter>Header Files</Filter>
    </ClInclude>
    <ClInclude Include="parser\tree_parser.h">
      <Filter>Header Files</Filter>
    </ClInclude>
    <ClInclude Include="file_stream.h">
      <Filter>Header Files</Filter>
    </ClInclude>
    <ClInclude Include="types\type_hierarchy.h">
      <Filter>Header Files</Filter>
    </ClInclude>
    <ClInclude Include="backend\register.h">
      <Filter>Header Files</Filter>
    </ClInclude>
    <ClInclude Include="backend\instruction.h">
      <Filter>Header Files</Filter>
    </ClInclude>
    <ClInclude Include="backend\pipeline.h">
      <Filter>Header Files</Filter>
    </ClInclude>
    <ClInclude Include="backend\stage.h">
      <Filter>Header Files</Filter>
    </ClInclude>
    <ClInclude Include="backend\instruction_set_architecture.h">
      <Filter>Header Files</Filter>
    </ClInclude>
    <ClInclude Include="ast\abstract_syntax_tree.h">
      <Filter>Header Files</Filter>
    </ClInclude>
    <ClInclude Include="parser\term_parser.h">
      <Filter>Header Files</Filter>
    </ClInclude>
    <ClInclude Include="parser\boolean_parser.h">
      <Filter>Header Files</Filter>
    </ClInclude>
    <ClInclude Include="parser\boolean_operator_parser.h">
      <Filter>Header Files</Filter>
    </ClInclude>
    <ClInclude Include="parser\type_parser.h">
      <Filter>Header Files</Filter>
    </ClInclude>
    <ClInclude Include="parser\assignment_parser.h">
      <Filter>Header Files</Filter>
    </ClInclude>
    <ClInclude Include="ast\operator.h">
      <Filter>Header Files</Filter>
    </ClInclude>
  </ItemGroup>
</Project>